
Microsoft Visual Studio Solution File, Format Version 12.00
# Visual Studio Version 17
VisualStudioVersion = 17.6.33829.357
MinimumVisualStudioVersion = 10.0.40219.1
Project("{FAE04EC0-301F-11D3-BF4B-00C04F79EFBC}") = "RickAndMorty.Shared", "..\RickAndMorty.Shared\RickAndMorty.Shared.csproj", "{041D65AA-A200-4BE4-BC47-784B6C9885B3}"
EndProject
Project("{FAE04EC0-301F-11D3-BF4B-00C04F79EFBC}") = "RickAndMorty.Web", "..\RickAndMorty.Web\RickAndMorty.Web.csproj", "{2106B555-2FEC-4A68-BC9F-09F6E615DCB9}"
EndProject
Global
	GlobalSection(SolutionConfigurationPlatforms) = preSolution
		Debug|Any CPU = Debug|Any CPU
		Release|Any CPU = Release|Any CPU
	EndGlobalSection
	GlobalSection(ProjectConfigurationPlatforms) = postSolution
		{041D65AA-A200-4BE4-BC47-784B6C9885B3}.Debug|Any CPU.ActiveCfg = Debug|Any CPU
		{041D65AA-A200-4BE4-BC47-784B6C9885B3}.Debug|Any CPU.Build.0 = Debug|Any CPU
		{041D65AA-A200-4BE4-BC47-784B6C9885B3}.Release|Any CPU.ActiveCfg = Release|Any CPU
		{041D65AA-A200-4BE4-BC47-784B6C9885B3}.Release|Any CPU.Build.0 = Release|Any CPU
		{2106B555-2FEC-4A68-BC9F-09F6E615DCB9}.Debug|Any CPU.ActiveCfg = Debug|Any CPU
		{2106B555-2FEC-4A68-BC9F-09F6E615DCB9}.Debug|Any CPU.Build.0 = Debug|Any CPU
		{2106B555-2FEC-4A68-BC9F-09F6E615DCB9}.Release|Any CPU.ActiveCfg = Release|Any CPU
		{2106B555-2FEC-4A68-BC9F-09F6E615DCB9}.Release|Any CPU.Build.0 = Release|Any CPU
	EndGlobalSection
	GlobalSection(SolutionProperties) = preSolution
		HideSolutionNode = FALSE
	EndGlobalSection
	GlobalSection(ExtensibilityGlobals) = postSolution
		SolutionGuid = {AC6E8FEC-9664-41D0-9652-045310E86C5E}
	EndGlobalSection
EndGlobal
